<?xml version="1.0" encoding="utf-8"?>
<Project xmlns="http://schemas.microsoft.com/developer/msbuild/2003">
  <PropertyGroup>
    <ProjectGuid>{79a6db1a-9205-4432-8ee2-d46e35811f4f}</ProjectGuid>
    <Configuration Condition=" '$(Configuration)' == '' ">Debug</Configuration>
    <Platform Condition=" '$(Platform)' == '' ">AnyCPU</Platform>
    <DCC_DCCCompiler>DCC32</DCC_DCCCompiler>
    <DCC_DependencyCheckOutputName>mmcse_project.exe</DCC_DependencyCheckOutputName>
    <MainSource>mmcse_project.dpr</MainSource>
  </PropertyGroup>
  <PropertyGroup Condition=" '$(Configuration)|$(Platform)' == 'Release|AnyCPU' ">
    <Version>7.0</Version>
    <DCC_DebugInformation>False</DCC_DebugInformation>
    <DCC_LocalDebugSymbols>False</DCC_LocalDebugSymbols>
    <DCC_SymbolReferenceInfo>0</DCC_SymbolReferenceInfo>
    <DCC_Define>RELEASE</DCC_Define>
  </PropertyGroup>
  <PropertyGroup Condition=" '$(Configuration)|$(Platform)' == 'Debug|AnyCPU' ">
    <Version>7.0</Version>
    <DCC_Define>DEBUG;madExcept;LeakChecking</DCC_Define>
    <DCC_DcuOutput>Compiled</DCC_DcuOutput>
    <DCC_ObjOutput>Compiled</DCC_ObjOutput>
    <DCC_HppOutput>Compiled</DCC_HppOutput>
    <DCC_MapFile>3</DCC_MapFile>
    <DCC_UnitSearchPath>$(HDELPHILOGLIBRARY);$(HDELPHIUNITSLIBRARY)</DCC_UnitSearchPath>
    <DCC_ResourcePath>$(HDELPHILOGLIBRARY);$(HDELPHIUNITSLIBRARY)</DCC_ResourcePath>
    <DCC_ObjPath>$(HDELPHILOGLIBRARY);$(HDELPHIUNITSLIBRARY)</DCC_ObjPath>
    <DCC_IncludePath>$(HDELPHILOGLIBRARY);$(HDELPHIUNITSLIBRARY)</DCC_IncludePath>
  </PropertyGroup>
  <ProjectExtensions>
    <Borland.Personality>Delphi.Personality</Borland.Personality>
    <Borland.ProjectType />
    <BorlandProject>
<BorlandProject><Delphi.Personality><Parameters><Parameters Name="UseLauncher">False</Parameters><Parameters Name="LoadAllSymbols">True</Parameters><Parameters Name="LoadUnspecifiedSymbols">False</Parameters></Parameters><VersionInfo><VersionInfo Name="IncludeVerInfo">False</VersionInfo><VersionInfo Name="AutoIncBuild">False</VersionInfo><VersionInfo Name="MajorVer">1</VersionInfo><VersionInfo Name="MinorVer">0</VersionInfo><VersionInfo Name="Release">0</VersionInfo><VersionInfo Name="Build">0</VersionInfo><VersionInfo Name="Debug">False</VersionInfo><VersionInfo Name="PreRelease">False</VersionInfo><VersionInfo Name="Special">False</VersionInfo><VersionInfo Name="Private">False</VersionInfo><VersionInfo Name="DLL">False</VersionInfo><VersionInfo Name="Locale">1049</VersionInfo><VersionInfo Name="CodePage">1251</VersionInfo></VersionInfo><VersionInfoKeys><VersionInfoKeys Name="CompanyName"></VersionInfoKeys><VersionInfoKeys Name="FileDescription"></VersionInfoKeys><VersionInfoKeys Name="FileVersion">1.0.0.0</VersionInfoKeys><VersionInfoKeys Name="InternalName"></VersionInfoKeys><VersionInfoKeys Name="LegalCopyright"></VersionInfoKeys><VersionInfoKeys Name="LegalTrademarks"></VersionInfoKeys><VersionInfoKeys Name="OriginalFilename"></VersionInfoKeys><VersionInfoKeys Name="ProductName"></VersionInfoKeys><VersionInfoKeys Name="ProductVersion">1.0.0.0</VersionInfoKeys><VersionInfoKeys Name="Comments"></VersionInfoKeys></VersionInfoKeys><Source><Source Name="MainSource">mmcse_project.dpr</Source></Source><Excluded_Packages>
      
      
      
      
      
      
      
      
      
      
      
      
      
      
      
      
      
      
      
      
      
      
      
      
      
      
      
      
      
      
      
      
      
      
      
      
      
      
      
      
      
      
      
      
      
      
      
      
      
      
      
      
      
      
      
      
      
      
      
      
      
      
      
      
      
      
      
      
      
      
      
      
      
      
      
      
      
      
      
      
      
      
      
      
      
      
      
      
      
      
      
      
      
      
      
      
      
      
      
      
      
      
      
      
      
      
      
      
      
      
      
      
      
      
      
      
      
      
      
      
      
      
      
      
      
      
      
      
      
      
      
      
      
      
      
      
      
      
      
      
      
      
      
      
      
      
      
      
      
      
      
      
      
      
      
      
      
      
      
      
      
      
      
      
      
      
      
      
      
      
      
      
      
      
      
      
      
      
      
      
      
      
      
      
      
      
      
      
      
      
      
      
      
      
      
      
      
      
      
      
      
      
      
      
      
      
      
      
      
      
      
      
      
      
      
      
      
      
      
      
      
      
      
      
      
      
      
      
      
      
      
      
      <Excluded_Packages Name="$(BDS)\bin\bcboffice2k100.bpl">CodeGear C++Builder Office 2000 Servers Package</Excluded_Packages>
      <Excluded_Packages Name="$(BDS)\bin\bcbofficexp100.bpl">CodeGear C++Builder Office XP Servers Package</Excluded_Packages>
      <Excluded_Packages Name="$(BDS)\bin\dcloffice2k100.bpl">Microsoft Office 2000 Sample Automation Server Wrapper Components</Excluded_Packages>
      <Excluded_Packages Name="$(BDS)\bin\dclofficexp100.bpl">Microsoft Office XP Sample Automation Server Wrapper Components</Excluded_Packages>
    </Excluded_Packages></Delphi.Personality><ModelSupport>False</ModelSupport></BorlandProject></BorlandProject>
  </ProjectExtensions>
  <Import Project="$(MSBuildBinPath)\Borland.Delphi.Targets" />
  <ItemGroup>
    <DelphiCompile Include="mmcse_project.dpr">
      <MainSource>MainSource</MainSource>
    </DelphiCompile>
    <DCCReference Include="BiDirectionalMessagePipeUnit.pas" />
    <DCCReference Include="CommonUnit.pas" />
    <DCCReference Include="ControlPanelUnit.pas" />
    <DCCReference Include="CustomSwitcherFactoryUnit.pas" />
    <DCCReference Include="CustomSwitcherMessageDecoderUnit.pas" />
    <DCCReference Include="CustomSwitcherMessageEncoderUnit.pas" />
    <DCCReference Include="CustomSwitcherMessageListUnit.pas" />
    <DCCReference Include="CustomSwitcherMessageUnit.pas" />
    <DCCReference Include="CustomSwitcherUnit.pas" />
    <DCCReference Include="M2100Command.pas" />
    <DCCReference Include="M2100Keyer.pas" />
    <DCCReference Include="M2100Message.pas" />
    <DCCReference Include="M2100MessageDecoder.pas" />
    <DCCReference Include="M2100MessageList.pas" />
    <DCCReference Include="M2100Switcher.pas" />
    <DCCReference Include="M2100SwitcherClone.pas" />
    <DCCReference Include="MMCSEApplicationUnit.pas" />
    <DCCReference Include="MMCSEMainWindowUnit.pas" />
    <DCCReference Include="MMCSEMenuGroups.pas" />
    <DCCReference Include="PresmasterSwitcher.pas" />
    <DCCReference Include="PresmasterSwitcherMessage.pas" />
    <DCCReference Include="PresmasterSwitcherMessageDecoderUnit.pas" />
    <DCCReference Include="PresmasterSwitcherMessageEncoderUnit.pas" />
    <DCCReference Include="PresmasterSwitcherMessageListUnit.pas" />
    <DCCReference Include="SwitcherDebugPipeConnectorUnit.pas" />
  </ItemGroup>
</Project>